
Microsoft Visual Studio Solution File, Format Version 12.00
# Visual Studio Version 17
VisualStudioVersion = 17.14.36518.9 d17.14
MinimumVisualStudioVersion = 10.0.40219.1
Project("{FAE04EC0-301F-11D3-BF4B-00C04F79EFBC}") = "Blog.API", "Blog\Blog.API.csproj", "{D6265439-2F1B-4E99-8CB5-5B9E9055BA74}"
EndProject
Project("{00D1A9C2-B5F0-4AF3-8072-F6C62B433612}") = "Blog.SQL", "Blog.SQL\Blog.SQL.sqlproj", "{183D115D-46EA-4BD1-82CC-231100388632}"
EndProject
Global
	GlobalSection(SolutionConfigurationPlatforms) = preSolution
		Debug|Any CPU = Debug|Any CPU
		Release|Any CPU = Release|Any CPU
	EndGlobalSection
	GlobalSection(ProjectConfigurationPlatforms) = postSolution
		{D6265439-2F1B-4E99-8CB5-5B9E9055BA74}.Debug|Any CPU.ActiveCfg = Debug|Any CPU
		{D6265439-2F1B-4E99-8CB5-5B9E9055BA74}.Debug|Any CPU.Build.0 = Debug|Any CPU
		{D6265439-2F1B-4E99-8CB5-5B9E9055BA74}.Release|Any CPU.ActiveCfg = Release|Any CPU
		{D6265439-2F1B-4E99-8CB5-5B9E9055BA74}.Release|Any CPU.Build.0 = Release|Any CPU
		{183D115D-46EA-4BD1-82CC-231100388632}.Debug|Any CPU.ActiveCfg = Debug|Any CPU
		{183D115D-46EA-4BD1-82CC-231100388632}.Debug|Any CPU.Build.0 = Debug|Any CPU
		{183D115D-46EA-4BD1-82CC-231100388632}.Debug|Any CPU.Deploy.0 = Debug|Any CPU
		{183D115D-46EA-4BD1-82CC-231100388632}.Release|Any CPU.ActiveCfg = Release|Any CPU
		{183D115D-46EA-4BD1-82CC-231100388632}.Release|Any CPU.Build.0 = Release|Any CPU
		{183D115D-46EA-4BD1-82CC-231100388632}.Release|Any CPU.Deploy.0 = Release|Any CPU
	EndGlobalSection
	GlobalSection(SolutionProperties) = preSolution
		HideSolutionNode = FALSE
	EndGlobalSection
	GlobalSection(ExtensibilityGlobals) = postSolution
		SolutionGuid = {13236EB0-1CC1-472D-A337-07A07B8E296E}
	EndGlobalSection
EndGlobal
